
Microsoft Visual Studio Solution File, Format Version 12.00
# Visual Studio 15
Project("{FAE04EC0-301F-11D3-BF4B-00C04F79EFBC}") = "02.Bee", "02.Bee\02.Bee.csproj", "{E89E918C-E304-43FF-8E11-0810CA7B0A13}"
EndProject
Project("{FAE04EC0-301F-11D3-BF4B-00C04F79EFBC}") = "01.Flower_Wreaths", "01.Flower_Wreaths\01.Flower_Wreaths.csproj", "{3D0D435F-1120-4928-88BD-89B2F00C9CD2}"
EndProject
Project("{FAE04EC0-301F-11D3-BF4B-00C04F79EFBC}") = "01.SpaceshipCrafting", "01.SpaceshipCrafting\01.SpaceshipCrafting.csproj", "{C4608AEE-5942-4FC4-95C3-589E73A376C6}"
EndProject
Project("{FAE04EC0-301F-11D3-BF4B-00C04F79EFBC}") = "02.SpaceStation", "02.SpaceStation\02.SpaceStation.csproj", "{62106C68-CD4D-4FF8-B2C1-95289FBB1746}"
EndProject
Project("{FAE04EC0-301F-11D3-BF4B-00C04F79EFBC}") = "VetClinic", "VetClinic\VetClinic.csproj", "{92043176-3B7E-4931-B06A-E1EFB4E92937}"
EndProject
Project("{FAE04EC0-301F-11D3-BF4B-00C04F79EFBC}") = "01.Bombs", "01.Bombs\01.Bombs.csproj", "{51749749-1BA2-4B65-B724-77A9DB791DE3}"
EndProject
Project("{FAE04EC0-301F-11D3-BF4B-00C04F79EFBC}") = "03.Parking", "03.Parking\03.Parking.csproj", "{43969A5A-08CD-4BB7-BB38-9C380E11D331}"
EndProject
Project("{FAE04EC0-301F-11D3-BF4B-00C04F79EFBC}") = "03.SpaceStationEstablishment", "03.SpaceStationEstablishment\03.SpaceStationEstablishment.csproj", "{582CB039-DCA6-491D-83E4-9C1A56BC04E8}"
EndProject
Project("{FAE04EC0-301F-11D3-BF4B-00C04F79EFBC}") = "02.Snake", "02.Snake\02.Snake.csproj", "{68594E6B-4371-453A-87C8-60A186CFB5F5}"
EndProject
Project("{FAE04EC0-301F-11D3-BF4B-00C04F79EFBC}") = "01.Lootbox", "01.Lootbox\01.Lootbox.csproj", "{1346934C-8B38-41DA-B898-EF19E5DB1016}"
EndProject
Project("{FAE04EC0-301F-11D3-BF4B-00C04F79EFBC}") = "02.Re-Volt-LAYOUT-EXAM", "02.Re-Volt\02.Re-Volt-LAYOUT-EXAM.csproj", "{4CFC4750-D4AF-43CA-A290-0D178BD9E252}"
EndProject
Project("{FAE04EC0-301F-11D3-BF4B-00C04F79EFBC}") = "01.ClubParty", "01.ClubParty\01.ClubParty.csproj", "{73BE9FA8-125D-45C6-999F-EA04EED28AD5}"
EndProject
Project("{FAE04EC0-301F-11D3-BF4B-00C04F79EFBC}") = "03.Guild", "03.Guild\03.Guild.csproj", "{92FD0377-FBBD-48D2-8978-EB92705FED5E}"
EndProject
Project("{FAE04EC0-301F-11D3-BF4B-00C04F79EFBC}") = "01.SantasPresentFactory", "01.SantasPresentFactory\01.SantasPresentFactory.csproj", "{2FCB3757-07E7-462B-AFBA-94EB3C6C9BC3}"
EndProject
Project("{FAE04EC0-301F-11D3-BF4B-00C04F79EFBC}") = "Christmas", "Christmas\Christmas.csproj", "{36CCFC9D-89E0-422A-8848-39B41C6C0E7B}"
EndProject
Project("{FAE04EC0-301F-11D3-BF4B-00C04F79EFBC}") = "02.PresentDelivery", "02.PresentDelivery\02.PresentDelivery.csproj", "{8B126E16-E92A-496F-88B9-B85F39BE9D12}"
EndProject
Project("{FAE04EC0-301F-11D3-BF4B-00C04F79EFBC}") = "01.DatingApp", "1.DatingApp\01.DatingApp.csproj", "{1FF7D074-807F-431E-9742-60302A2700E8}"
EndProject
Project("{FAE04EC0-301F-11D3-BF4B-00C04F79EFBC}") = "Rabbits", "Rabbits\Rabbits.csproj", "{1FC3BAEA-18EA-47E9-B9FD-FFE6A6CAF71A}"
EndProject
Global
	GlobalSection(SolutionConfigurationPlatforms) = preSolution
		Debug|Any CPU = Debug|Any CPU
		Release|Any CPU = Release|Any CPU
	EndGlobalSection
	GlobalSection(ProjectConfigurationPlatforms) = postSolution
		{E89E918C-E304-43FF-8E11-0810CA7B0A13}.Debug|Any CPU.ActiveCfg = Debug|Any CPU
		{E89E918C-E304-43FF-8E11-0810CA7B0A13}.Debug|Any CPU.Build.0 = Debug|Any CPU
		{E89E918C-E304-43FF-8E11-0810CA7B0A13}.Release|Any CPU.ActiveCfg = Release|Any CPU
		{E89E918C-E304-43FF-8E11-0810CA7B0A13}.Release|Any CPU.Build.0 = Release|Any CPU
		{3D0D435F-1120-4928-88BD-89B2F00C9CD2}.Debug|Any CPU.ActiveCfg = Debug|Any CPU
		{3D0D435F-1120-4928-88BD-89B2F00C9CD2}.Debug|Any CPU.Build.0 = Debug|Any CPU
		{3D0D435F-1120-4928-88BD-89B2F00C9CD2}.Release|Any CPU.ActiveCfg = Release|Any CPU
		{3D0D435F-1120-4928-88BD-89B2F00C9CD2}.Release|Any CPU.Build.0 = Release|Any CPU
		{C4608AEE-5942-4FC4-95C3-589E73A376C6}.Debug|Any CPU.ActiveCfg = Debug|Any CPU
		{C4608AEE-5942-4FC4-95C3-589E73A376C6}.Debug|Any CPU.Build.0 = Debug|Any CPU
		{C4608AEE-5942-4FC4-95C3-589E73A376C6}.Release|Any CPU.ActiveCfg = Release|Any CPU
		{C4608AEE-5942-4FC4-95C3-589E73A376C6}.Release|Any CPU.Build.0 = Release|Any CPU
		{62106C68-CD4D-4FF8-B2C1-95289FBB1746}.Debug|Any CPU.ActiveCfg = Debug|Any CPU
		{62106C68-CD4D-4FF8-B2C1-95289FBB1746}.Debug|Any CPU.Build.0 = Debug|Any CPU
		{62106C68-CD4D-4FF8-B2C1-95289FBB1746}.Release|Any CPU.ActiveCfg = Release|Any CPU
		{62106C68-CD4D-4FF8-B2C1-95289FBB1746}.Release|Any CPU.Build.0 = Release|Any CPU
		{92043176-3B7E-4931-B06A-E1EFB4E92937}.Debug|Any CPU.ActiveCfg = Debug|Any CPU
		{92043176-3B7E-4931-B06A-E1EFB4E92937}.Debug|Any CPU.Build.0 = Debug|Any CPU
		{92043176-3B7E-4931-B06A-E1EFB4E92937}.Release|Any CPU.ActiveCfg = Release|Any CPU
		{92043176-3B7E-4931-B06A-E1EFB4E92937}.Release|Any CPU.Build.0 = Release|Any CPU
		{51749749-1BA2-4B65-B724-77A9DB791DE3}.Debug|Any CPU.ActiveCfg = Debug|Any CPU
		{51749749-1BA2-4B65-B724-77A9DB791DE3}.Debug|Any CPU.Build.0 = Debug|Any CPU
		{51749749-1BA2-4B65-B724-77A9DB791DE3}.Release|Any CPU.ActiveCfg = Release|Any CPU
		{51749749-1BA2-4B65-B724-77A9DB791DE3}.Release|Any CPU.Build.0 = Release|Any CPU
		{43969A5A-08CD-4BB7-BB38-9C380E11D331}.Debug|Any CPU.ActiveCfg = Debug|Any CPU
		{43969A5A-08CD-4BB7-BB38-9C380E11D331}.Debug|Any CPU.Build.0 = Debug|Any CPU
		{43969A5A-08CD-4BB7-BB38-9C380E11D331}.Release|Any CPU.ActiveCfg = Release|Any CPU
		{43969A5A-08CD-4BB7-BB38-9C380E11D331}.Release|Any CPU.Build.0 = Release|Any CPU
		{582CB039-DCA6-491D-83E4-9C1A56BC04E8}.Debug|Any CPU.ActiveCfg = Debug|Any CPU
		{582CB039-DCA6-491D-83E4-9C1A56BC04E8}.Debug|Any CPU.Build.0 = Debug|Any CPU
		{582CB039-DCA6-491D-83E4-9C1A56BC04E8}.Release|Any CPU.ActiveCfg = Release|Any CPU
		{582CB039-DCA6-491D-83E4-9C1A56BC04E8}.Release|Any CPU.Build.0 = Release|Any CPU
		{68594E6B-4371-453A-87C8-60A186CFB5F5}.Debug|Any CPU.ActiveCfg = Debug|Any CPU
		{68594E6B-4371-453A-87C8-60A186CFB5F5}.Debug|Any CPU.Build.0 = Debug|Any CPU
		{68594E6B-4371-453A-87C8-60A186CFB5F5}.Release|Any CPU.ActiveCfg = Release|Any CPU
		{68594E6B-4371-453A-87C8-60A186CFB5F5}.Release|Any CPU.Build.0 = Release|Any CPU
		{1346934C-8B38-41DA-B898-EF19E5DB1016}.Debug|Any CPU.ActiveCfg = Debug|Any CPU
		{1346934C-8B38-41DA-B898-EF19E5DB1016}.Debug|Any CPU.Build.0 = Debug|Any CPU
		{1346934C-8B38-41DA-B898-EF19E5DB1016}.Release|Any CPU.ActiveCfg = Release|Any CPU
		{1346934C-8B38-41DA-B898-EF19E5DB1016}.Release|Any CPU.Build.0 = Release|Any CPU
		{4CFC4750-D4AF-43CA-A290-0D178BD9E252}.Debug|Any CPU.ActiveCfg = Debug|Any CPU
		{4CFC4750-D4AF-43CA-A290-0D178BD9E252}.Debug|Any CPU.Build.0 = Debug|Any CPU
		{4CFC4750-D4AF-43CA-A290-0D178BD9E252}.Release|Any CPU.ActiveCfg = Release|Any CPU
		{4CFC4750-D4AF-43CA-A290-0D178BD9E252}.Release|Any CPU.Build.0 = Release|Any CPU
		{73BE9FA8-125D-45C6-999F-EA04EED28AD5}.Debug|Any CPU.ActiveCfg = Debug|Any CPU
		{73BE9FA8-125D-45C6-999F-EA04EED28AD5}.Debug|Any CPU.Build.0 = Debug|Any CPU
		{73BE9FA8-125D-45C6-999F-EA04EED28AD5}.Release|Any CPU.ActiveCfg = Release|Any CPU
		{73BE9FA8-125D-45C6-999F-EA04EED28AD5}.Release|Any CPU.Build.0 = Release|Any CPU
		{92FD0377-FBBD-48D2-8978-EB92705FED5E}.Debug|Any CPU.ActiveCfg = Debug|Any CPU
		{92FD0377-FBBD-48D2-8978-EB92705FED5E}.Debug|Any CPU.Build.0 = Debug|Any CPU
		{92FD0377-FBBD-48D2-8978-EB92705FED5E}.Release|Any CPU.ActiveCfg = Release|Any CPU
		{92FD0377-FBBD-48D2-8978-EB92705FED5E}.Release|Any CPU.Build.0 = Release|Any CPU
		{2FCB3757-07E7-462B-AFBA-94EB3C6C9BC3}.Debug|Any CPU.ActiveCfg = Debug|Any CPU
		{2FCB3757-07E7-462B-AFBA-94EB3C6C9BC3}.Debug|Any CPU.Build.0 = Debug|Any CPU
		{2FCB3757-07E7-462B-AFBA-94EB3C6C9BC3}.Release|Any CPU.ActiveCfg = Release|Any CPU
		{2FCB3757-07E7-462B-AFBA-94EB3C6C9BC3}.Release|Any CPU.Build.0 = Release|Any CPU
		{36CCFC9D-89E0-422A-8848-39B41C6C0E7B}.Debug|Any CPU.ActiveCfg = Debug|Any CPU
		{36CCFC9D-89E0-422A-8848-39B41C6C0E7B}.Debug|Any CPU.Build.0 = Debug|Any CPU
		{36CCFC9D-89E0-422A-8848-39B41C6C0E7B}.Release|Any CPU.ActiveCfg = Release|Any CPU
		{36CCFC9D-89E0-422A-8848-39B41C6C0E7B}.Release|Any CPU.Build.0 = Release|Any CPU
		{8B126E16-E92A-496F-88B9-B85F39BE9D12}.Debug|Any CPU.ActiveCfg = Debug|Any CPU
		{8B126E16-E92A-496F-88B9-B85F39BE9D12}.Debug|Any CPU.Build.0 = Debug|Any CPU
		{8B126E16-E92A-496F-88B9-B85F39BE9D12}.Release|Any CPU.ActiveCfg = Release|Any CPU
		{8B126E16-E92A-496F-88B9-B85F39BE9D12}.Release|Any CPU.Build.0 = Release|Any CPU
		{1FF7D074-807F-431E-9742-60302A2700E8}.Debug|Any CPU.ActiveCfg = Debug|Any CPU
		{1FF7D074-807F-431E-9742-60302A2700E8}.Debug|Any CPU.Build.0 = Debug|Any CPU
		{1FF7D074-807F-431E-9742-60302A2700E8}.Release|Any CPU.ActiveCfg = Release|Any CPU
		{1FF7D074-807F-431E-9742-60302A2700E8}.Release|Any CPU.Build.0 = Release|Any CPU
		{1FC3BAEA-18EA-47E9-B9FD-FFE6A6CAF71A}.Debug|Any CPU.ActiveCfg = Debug|Any CPU
		{1FC3BAEA-18EA-47E9-B9FD-FFE6A6CAF71A}.Debug|Any CPU.Build.0 = Debug|Any CPU
		{1FC3BAEA-18EA-47E9-B9FD-FFE6A6CAF71A}.Release|Any CPU.ActiveCfg = Release|Any CPU
		{1FC3BAEA-18EA-47E9-B9FD-FFE6A6CAF71A}.Release|Any CPU.Build.0 = Release|Any CPU
	EndGlobalSection
EndGlobal
