
Microsoft Visual Studio Solution File, Format Version 12.00
# Visual Studio 15
Project("{FAE04EC0-301F-11D3-BF4B-00C04F79EFBC}") = "02.Garden", "02.Garden\02.Garden.csproj", "{D0E847A3-C723-4F1D-AE0D-55A850D9847A}"
EndProject
Project("{FAE04EC0-301F-11D3-BF4B-00C04F79EFBC}") = "01.Scheduling", "01.Scheduling\01.Scheduling.csproj", "{5307D0C7-7605-479C-9A8F-10911D49DE9D}"
EndProject
Project("{FAE04EC0-301F-11D3-BF4B-00C04F79EFBC}") = "ClassroomProject", "ClassroomProject\ClassroomProject.csproj", "{9EC91637-9D09-4F9B-A667-2EE913618964}"
EndProject
Global
	GlobalSection(SolutionConfigurationPlatforms) = preSolution
		Debug|Any CPU = Debug|Any CPU
		Release|Any CPU = Release|Any CPU
	EndGlobalSection
	GlobalSection(ProjectConfigurationPlatforms) = postSolution
		{D0E847A3-C723-4F1D-AE0D-55A850D9847A}.Debug|Any CPU.ActiveCfg = Debug|Any CPU
		{D0E847A3-C723-4F1D-AE0D-55A850D9847A}.Debug|Any CPU.Build.0 = Debug|Any CPU
		{D0E847A3-C723-4F1D-AE0D-55A850D9847A}.Release|Any CPU.ActiveCfg = Release|Any CPU
		{D0E847A3-C723-4F1D-AE0D-55A850D9847A}.Release|Any CPU.Build.0 = Release|Any CPU
		{5307D0C7-7605-479C-9A8F-10911D49DE9D}.Debug|Any CPU.ActiveCfg = Debug|Any CPU
		{5307D0C7-7605-479C-9A8F-10911D49DE9D}.Debug|Any CPU.Build.0 = Debug|Any CPU
		{5307D0C7-7605-479C-9A8F-10911D49DE9D}.Release|Any CPU.ActiveCfg = Release|Any CPU
		{5307D0C7-7605-479C-9A8F-10911D49DE9D}.Release|Any CPU.Build.0 = Release|Any CPU
		{9EC91637-9D09-4F9B-A667-2EE913618964}.Debug|Any CPU.ActiveCfg = Debug|Any CPU
		{9EC91637-9D09-4F9B-A667-2EE913618964}.Debug|Any CPU.Build.0 = Debug|Any CPU
		{9EC91637-9D09-4F9B-A667-2EE913618964}.Release|Any CPU.ActiveCfg = Release|Any CPU
		{9EC91637-9D09-4F9B-A667-2EE913618964}.Release|Any CPU.Build.0 = Release|Any CPU
	EndGlobalSection
EndGlobal
