
Microsoft Visual Studio Solution File, Format Version 12.00
# Visual Studio 15
Project("{FAE04EC0-301F-11D3-BF4B-00C04F79EFBC}") = "0.1.Even_Lines", "0.1.Even_Lines\0.1.Even_Lines.csproj", "{7D5213EE-F1C2-4E46-A2D1-28871403E768}"
EndProject
Project("{FAE04EC0-301F-11D3-BF4B-00C04F79EFBC}") = "0.2.Line_Numbers", "0.2.Line_Numbers\0.2.Line_Numbers.csproj", "{5A079D3C-940B-449A-BD1B-3CA147A2B8D3}"
EndProject
Project("{FAE04EC0-301F-11D3-BF4B-00C04F79EFBC}") = "Demo", "Demo\Demo.csproj", "{C1A7FD09-3FCE-48ED-8EE1-32186613A169}"
EndProject
Project("{FAE04EC0-301F-11D3-BF4B-00C04F79EFBC}") = "0.3.Word_Count", "0.3.Word_Count\0.3.Word_Count.csproj", "{64948EE6-A948-40FD-B061-95A4F1E6FCC4}"
EndProject
Project("{FAE04EC0-301F-11D3-BF4B-00C04F79EFBC}") = "0.4.Copy_Binary_File", "0.4.Copy_Binary_File\0.4.Copy_Binary_File.csproj", "{05F8ACC3-4573-411C-906F-22F23DA58DB9}"
EndProject
Project("{FAE04EC0-301F-11D3-BF4B-00C04F79EFBC}") = "0.5.Directory_Traversal", "0.5.Directory_Traversal\0.5.Directory_Traversal.csproj", "{8B89FE94-311F-4F07-B111-ACD6BE39EBF9}"
EndProject
Project("{FAE04EC0-301F-11D3-BF4B-00C04F79EFBC}") = "0.6.Zip_and_Extract", "0.6.Zip_and_Extract\0.6.Zip_and_Extract.csproj", "{A73E26E0-E955-41C2-91D0-5F1B5F9E35CF}"
EndProject
Global
	GlobalSection(SolutionConfigurationPlatforms) = preSolution
		Debug|Any CPU = Debug|Any CPU
		Release|Any CPU = Release|Any CPU
	EndGlobalSection
	GlobalSection(ProjectConfigurationPlatforms) = postSolution
		{7D5213EE-F1C2-4E46-A2D1-28871403E768}.Debug|Any CPU.ActiveCfg = Debug|Any CPU
		{7D5213EE-F1C2-4E46-A2D1-28871403E768}.Debug|Any CPU.Build.0 = Debug|Any CPU
		{7D5213EE-F1C2-4E46-A2D1-28871403E768}.Release|Any CPU.ActiveCfg = Release|Any CPU
		{7D5213EE-F1C2-4E46-A2D1-28871403E768}.Release|Any CPU.Build.0 = Release|Any CPU
		{5A079D3C-940B-449A-BD1B-3CA147A2B8D3}.Debug|Any CPU.ActiveCfg = Debug|Any CPU
		{5A079D3C-940B-449A-BD1B-3CA147A2B8D3}.Debug|Any CPU.Build.0 = Debug|Any CPU
		{5A079D3C-940B-449A-BD1B-3CA147A2B8D3}.Release|Any CPU.ActiveCfg = Release|Any CPU
		{5A079D3C-940B-449A-BD1B-3CA147A2B8D3}.Release|Any CPU.Build.0 = Release|Any CPU
		{C1A7FD09-3FCE-48ED-8EE1-32186613A169}.Debug|Any CPU.ActiveCfg = Debug|Any CPU
		{C1A7FD09-3FCE-48ED-8EE1-32186613A169}.Debug|Any CPU.Build.0 = Debug|Any CPU
		{C1A7FD09-3FCE-48ED-8EE1-32186613A169}.Release|Any CPU.ActiveCfg = Release|Any CPU
		{C1A7FD09-3FCE-48ED-8EE1-32186613A169}.Release|Any CPU.Build.0 = Release|Any CPU
		{64948EE6-A948-40FD-B061-95A4F1E6FCC4}.Debug|Any CPU.ActiveCfg = Debug|Any CPU
		{64948EE6-A948-40FD-B061-95A4F1E6FCC4}.Debug|Any CPU.Build.0 = Debug|Any CPU
		{64948EE6-A948-40FD-B061-95A4F1E6FCC4}.Release|Any CPU.ActiveCfg = Release|Any CPU
		{64948EE6-A948-40FD-B061-95A4F1E6FCC4}.Release|Any CPU.Build.0 = Release|Any CPU
		{05F8ACC3-4573-411C-906F-22F23DA58DB9}.Debug|Any CPU.ActiveCfg = Debug|Any CPU
		{05F8ACC3-4573-411C-906F-22F23DA58DB9}.Debug|Any CPU.Build.0 = Debug|Any CPU
		{05F8ACC3-4573-411C-906F-22F23DA58DB9}.Release|Any CPU.ActiveCfg = Release|Any CPU
		{05F8ACC3-4573-411C-906F-22F23DA58DB9}.Release|Any CPU.Build.0 = Release|Any CPU
		{8B89FE94-311F-4F07-B111-ACD6BE39EBF9}.Debug|Any CPU.ActiveCfg = Debug|Any CPU
		{8B89FE94-311F-4F07-B111-ACD6BE39EBF9}.Debug|Any CPU.Build.0 = Debug|Any CPU
		{8B89FE94-311F-4F07-B111-ACD6BE39EBF9}.Release|Any CPU.ActiveCfg = Release|Any CPU
		{8B89FE94-311F-4F07-B111-ACD6BE39EBF9}.Release|Any CPU.Build.0 = Release|Any CPU
		{A73E26E0-E955-41C2-91D0-5F1B5F9E35CF}.Debug|Any CPU.ActiveCfg = Debug|Any CPU
		{A73E26E0-E955-41C2-91D0-5F1B5F9E35CF}.Debug|Any CPU.Build.0 = Debug|Any CPU
		{A73E26E0-E955-41C2-91D0-5F1B5F9E35CF}.Release|Any CPU.ActiveCfg = Release|Any CPU
		{A73E26E0-E955-41C2-91D0-5F1B5F9E35CF}.Release|Any CPU.Build.0 = Release|Any CPU
	EndGlobalSection
EndGlobal
