
Microsoft Visual Studio Solution File, Format Version 12.00
# Visual Studio 15
Project("{FAE04EC0-301F-11D3-BF4B-00C04F79EFBC}") = "Demo", "Demo\Demo.csproj", "{B8B64688-8931-421C-96B5-91CFD5D6CF63}"
EndProject
Project("{FAE04EC0-301F-11D3-BF4B-00C04F79EFBC}") = "01.Count_Same_Values_in_Array", "01.Count_Same_Values_in_Array\01.Count_Same_Values_in_Array.csproj", "{159C3C15-8E32-4A1C-9638-B8BDA671BB38}"
EndProject
Project("{FAE04EC0-301F-11D3-BF4B-00C04F79EFBC}") = "02.Average_Student_Grades", "02.Average_Student_Grades\02.Average_Student_Grades.csproj", "{39D61AF3-7FC4-4EE7-AE5B-0BCD52615F2A}"
EndProject
Project("{FAE04EC0-301F-11D3-BF4B-00C04F79EFBC}") = "03.Product_Shop", "03.Product_Shop\03.Product_Shop.csproj", "{194DF9B9-643C-41F9-82D2-38B1BA1AC434}"
EndProject
Project("{FAE04EC0-301F-11D3-BF4B-00C04F79EFBC}") = "04.Cities_by_Continent_and_Country", "04.Cities_by_Continent_and_Country\04.Cities_by_Continent_and_Country.csproj", "{0142B405-E38E-4AD0-BAA6-52DAE32126FC}"
EndProject
Project("{FAE04EC0-301F-11D3-BF4B-00C04F79EFBC}") = "05.Record_Unique_Names", "05.Record_Unique_Names\05.Record_Unique_Names.csproj", "{5D568269-F3ED-4933-A463-3C5F2532AE30}"
EndProject
Project("{FAE04EC0-301F-11D3-BF4B-00C04F79EFBC}") = "06.Parking_Lot", "06.Parking_Lot\06.Parking_Lot.csproj", "{E679FCE3-9852-456B-B81A-FAAEF7D2A7BC}"
EndProject
Project("{FAE04EC0-301F-11D3-BF4B-00C04F79EFBC}") = "07.SoftUni_Party", "07.SoftUni_Party\07.SoftUni_Party.csproj", "{0719B2C0-BB9F-4179-A4BA-66335FB35F43}"
EndProject
Project("{FAE04EC0-301F-11D3-BF4B-00C04F79EFBC}") = "01.Unique_Usernames", "01.Unique_Usernames\01.Unique_Usernames.csproj", "{6CD67063-AC21-4A8E-8F67-F77AE2A46C93}"
EndProject
Project("{FAE04EC0-301F-11D3-BF4B-00C04F79EFBC}") = "02.Sets_of_Elements", "02.Sets_of_Elements\02.Sets_of_Elements.csproj", "{97C01B04-0E6A-47C2-AEE8-E2404951217B}"
EndProject
Project("{FAE04EC0-301F-11D3-BF4B-00C04F79EFBC}") = "03.Periodic_Table", "03.Periodic_Table\03.Periodic_Table.csproj", "{062AD57F-4A50-4F57-B023-4D21177690D5}"
EndProject
Project("{FAE04EC0-301F-11D3-BF4B-00C04F79EFBC}") = "04.Even_Times", "04.Even_Times\04.Even_Times.csproj", "{A8304383-B30B-4AFB-AC91-EF866D016FB1}"
EndProject
Global
	GlobalSection(SolutionConfigurationPlatforms) = preSolution
		Debug|Any CPU = Debug|Any CPU
		Release|Any CPU = Release|Any CPU
	EndGlobalSection
	GlobalSection(ProjectConfigurationPlatforms) = postSolution
		{B8B64688-8931-421C-96B5-91CFD5D6CF63}.Debug|Any CPU.ActiveCfg = Debug|Any CPU
		{B8B64688-8931-421C-96B5-91CFD5D6CF63}.Debug|Any CPU.Build.0 = Debug|Any CPU
		{B8B64688-8931-421C-96B5-91CFD5D6CF63}.Release|Any CPU.ActiveCfg = Release|Any CPU
		{B8B64688-8931-421C-96B5-91CFD5D6CF63}.Release|Any CPU.Build.0 = Release|Any CPU
		{159C3C15-8E32-4A1C-9638-B8BDA671BB38}.Debug|Any CPU.ActiveCfg = Debug|Any CPU
		{159C3C15-8E32-4A1C-9638-B8BDA671BB38}.Debug|Any CPU.Build.0 = Debug|Any CPU
		{159C3C15-8E32-4A1C-9638-B8BDA671BB38}.Release|Any CPU.ActiveCfg = Release|Any CPU
		{159C3C15-8E32-4A1C-9638-B8BDA671BB38}.Release|Any CPU.Build.0 = Release|Any CPU
		{39D61AF3-7FC4-4EE7-AE5B-0BCD52615F2A}.Debug|Any CPU.ActiveCfg = Debug|Any CPU
		{39D61AF3-7FC4-4EE7-AE5B-0BCD52615F2A}.Debug|Any CPU.Build.0 = Debug|Any CPU
		{39D61AF3-7FC4-4EE7-AE5B-0BCD52615F2A}.Release|Any CPU.ActiveCfg = Release|Any CPU
		{39D61AF3-7FC4-4EE7-AE5B-0BCD52615F2A}.Release|Any CPU.Build.0 = Release|Any CPU
		{194DF9B9-643C-41F9-82D2-38B1BA1AC434}.Debug|Any CPU.ActiveCfg = Debug|Any CPU
		{194DF9B9-643C-41F9-82D2-38B1BA1AC434}.Debug|Any CPU.Build.0 = Debug|Any CPU
		{194DF9B9-643C-41F9-82D2-38B1BA1AC434}.Release|Any CPU.ActiveCfg = Release|Any CPU
		{194DF9B9-643C-41F9-82D2-38B1BA1AC434}.Release|Any CPU.Build.0 = Release|Any CPU
		{0142B405-E38E-4AD0-BAA6-52DAE32126FC}.Debug|Any CPU.ActiveCfg = Debug|Any CPU
		{0142B405-E38E-4AD0-BAA6-52DAE32126FC}.Debug|Any CPU.Build.0 = Debug|Any CPU
		{0142B405-E38E-4AD0-BAA6-52DAE32126FC}.Release|Any CPU.ActiveCfg = Release|Any CPU
		{0142B405-E38E-4AD0-BAA6-52DAE32126FC}.Release|Any CPU.Build.0 = Release|Any CPU
		{5D568269-F3ED-4933-A463-3C5F2532AE30}.Debug|Any CPU.ActiveCfg = Debug|Any CPU
		{5D568269-F3ED-4933-A463-3C5F2532AE30}.Debug|Any CPU.Build.0 = Debug|Any CPU
		{5D568269-F3ED-4933-A463-3C5F2532AE30}.Release|Any CPU.ActiveCfg = Release|Any CPU
		{5D568269-F3ED-4933-A463-3C5F2532AE30}.Release|Any CPU.Build.0 = Release|Any CPU
		{E679FCE3-9852-456B-B81A-FAAEF7D2A7BC}.Debug|Any CPU.ActiveCfg = Debug|Any CPU
		{E679FCE3-9852-456B-B81A-FAAEF7D2A7BC}.Debug|Any CPU.Build.0 = Debug|Any CPU
		{E679FCE3-9852-456B-B81A-FAAEF7D2A7BC}.Release|Any CPU.ActiveCfg = Release|Any CPU
		{E679FCE3-9852-456B-B81A-FAAEF7D2A7BC}.Release|Any CPU.Build.0 = Release|Any CPU
		{0719B2C0-BB9F-4179-A4BA-66335FB35F43}.Debug|Any CPU.ActiveCfg = Debug|Any CPU
		{0719B2C0-BB9F-4179-A4BA-66335FB35F43}.Debug|Any CPU.Build.0 = Debug|Any CPU
		{0719B2C0-BB9F-4179-A4BA-66335FB35F43}.Release|Any CPU.ActiveCfg = Release|Any CPU
		{0719B2C0-BB9F-4179-A4BA-66335FB35F43}.Release|Any CPU.Build.0 = Release|Any CPU
		{6CD67063-AC21-4A8E-8F67-F77AE2A46C93}.Debug|Any CPU.ActiveCfg = Debug|Any CPU
		{6CD67063-AC21-4A8E-8F67-F77AE2A46C93}.Debug|Any CPU.Build.0 = Debug|Any CPU
		{6CD67063-AC21-4A8E-8F67-F77AE2A46C93}.Release|Any CPU.ActiveCfg = Release|Any CPU
		{6CD67063-AC21-4A8E-8F67-F77AE2A46C93}.Release|Any CPU.Build.0 = Release|Any CPU
		{97C01B04-0E6A-47C2-AEE8-E2404951217B}.Debug|Any CPU.ActiveCfg = Debug|Any CPU
		{97C01B04-0E6A-47C2-AEE8-E2404951217B}.Debug|Any CPU.Build.0 = Debug|Any CPU
		{97C01B04-0E6A-47C2-AEE8-E2404951217B}.Release|Any CPU.ActiveCfg = Release|Any CPU
		{97C01B04-0E6A-47C2-AEE8-E2404951217B}.Release|Any CPU.Build.0 = Release|Any CPU
		{062AD57F-4A50-4F57-B023-4D21177690D5}.Debug|Any CPU.ActiveCfg = Debug|Any CPU
		{062AD57F-4A50-4F57-B023-4D21177690D5}.Debug|Any CPU.Build.0 = Debug|Any CPU
		{062AD57F-4A50-4F57-B023-4D21177690D5}.Release|Any CPU.ActiveCfg = Release|Any CPU
		{062AD57F-4A50-4F57-B023-4D21177690D5}.Release|Any CPU.Build.0 = Release|Any CPU
		{A8304383-B30B-4AFB-AC91-EF866D016FB1}.Debug|Any CPU.ActiveCfg = Debug|Any CPU
		{A8304383-B30B-4AFB-AC91-EF866D016FB1}.Debug|Any CPU.Build.0 = Debug|Any CPU
		{A8304383-B30B-4AFB-AC91-EF866D016FB1}.Release|Any CPU.ActiveCfg = Release|Any CPU
		{A8304383-B30B-4AFB-AC91-EF866D016FB1}.Release|Any CPU.Build.0 = Release|Any CPU
	EndGlobalSection
EndGlobal
