
Microsoft Visual Studio Solution File, Format Version 12.00
# Visual Studio 15
Project("{FAE04EC0-301F-11D3-BF4B-00C04F79EFBC}") = "Demo", "Demo\Demo.csproj", "{B8B64688-8931-421C-96B5-91CFD5D6CF63}"
EndProject
Project("{FAE04EC0-301F-11D3-BF4B-00C04F79EFBC}") = "01.Count_Same_Values_in_Array", "01.Count_Same_Values_in_Array\01.Count_Same_Values_in_Array.csproj", "{159C3C15-8E32-4A1C-9638-B8BDA671BB38}"
EndProject
Project("{FAE04EC0-301F-11D3-BF4B-00C04F79EFBC}") = "02.Average_Student_Grades", "02.Average_Student_Grades\02.Average_Student_Grades.csproj", "{39D61AF3-7FC4-4EE7-AE5B-0BCD52615F2A}"
EndProject
Project("{FAE04EC0-301F-11D3-BF4B-00C04F79EFBC}") = "03.Product_Shop", "03.Product_Shop\03.Product_Shop.csproj", "{194DF9B9-643C-41F9-82D2-38B1BA1AC434}"
EndProject
Global
	GlobalSection(SolutionConfigurationPlatforms) = preSolution
		Debug|Any CPU = Debug|Any CPU
		Release|Any CPU = Release|Any CPU
	EndGlobalSection
	GlobalSection(ProjectConfigurationPlatforms) = postSolution
		{B8B64688-8931-421C-96B5-91CFD5D6CF63}.Debug|Any CPU.ActiveCfg = Debug|Any CPU
		{B8B64688-8931-421C-96B5-91CFD5D6CF63}.Debug|Any CPU.Build.0 = Debug|Any CPU
		{B8B64688-8931-421C-96B5-91CFD5D6CF63}.Release|Any CPU.ActiveCfg = Release|Any CPU
		{B8B64688-8931-421C-96B5-91CFD5D6CF63}.Release|Any CPU.Build.0 = Release|Any CPU
		{159C3C15-8E32-4A1C-9638-B8BDA671BB38}.Debug|Any CPU.ActiveCfg = Debug|Any CPU
		{159C3C15-8E32-4A1C-9638-B8BDA671BB38}.Debug|Any CPU.Build.0 = Debug|Any CPU
		{159C3C15-8E32-4A1C-9638-B8BDA671BB38}.Release|Any CPU.ActiveCfg = Release|Any CPU
		{159C3C15-8E32-4A1C-9638-B8BDA671BB38}.Release|Any CPU.Build.0 = Release|Any CPU
		{39D61AF3-7FC4-4EE7-AE5B-0BCD52615F2A}.Debug|Any CPU.ActiveCfg = Debug|Any CPU
		{39D61AF3-7FC4-4EE7-AE5B-0BCD52615F2A}.Debug|Any CPU.Build.0 = Debug|Any CPU
		{39D61AF3-7FC4-4EE7-AE5B-0BCD52615F2A}.Release|Any CPU.ActiveCfg = Release|Any CPU
		{39D61AF3-7FC4-4EE7-AE5B-0BCD52615F2A}.Release|Any CPU.Build.0 = Release|Any CPU
		{194DF9B9-643C-41F9-82D2-38B1BA1AC434}.Debug|Any CPU.ActiveCfg = Debug|Any CPU
		{194DF9B9-643C-41F9-82D2-38B1BA1AC434}.Debug|Any CPU.Build.0 = Debug|Any CPU
		{194DF9B9-643C-41F9-82D2-38B1BA1AC434}.Release|Any CPU.ActiveCfg = Release|Any CPU
		{194DF9B9-643C-41F9-82D2-38B1BA1AC434}.Release|Any CPU.Build.0 = Release|Any CPU
	EndGlobalSection
EndGlobal
